#MicroXplorer Configuration settings - do not modify
Mcu.Family=STM32F0
ProjectManager.MainLocation=Core/Src
RCC.MCOFreq_Value=48000000
PB13.GPIOParameters=GPIO_Label
USB_DEVICE.CLASS_NAME_FS=CDC
RCC.USART1Freq_Value=48000000
ProjectManager.KeepUserCode=true
Mcu.UserName=STM32F072C8Tx
SPI1.VirtualType=VM_MASTER
NVIC.USB_IRQn=true\:0\:0\:false\:false\:true\:false\:true
RCC.PLLCLKFreq_Value=16000000
PB14.GPIO_Label=MEMRQ
ProjectManager.functionlistsort=1-MX_GPIO_Init-GPIO-false-HAL-true,2-SystemClock_Config-RCC-false-HAL-false,3-MX_USB_DEVICE_Init-USB_DEVICE-false-HAL-false,4-MX_I2C1_Init-I2C1-false-HAL-true,5-MX_SPI1_Init-SPI1-false-HAL-true,6-MX_TIM16_Init-TIM16-false-HAL-true
PA9.GPIOParameters=GPIO_Label
PA11.Mode=Device
PB6.GPIO_Label=SEGDISP_CS
PA6.GPIO_Label=CLK
RCC.USART2Freq_Value=48000000
NVIC.SVC_IRQn=true\:0\:0\:false\:false\:true\:false\:false
PC13.GPIO_Label=BUS_AL
PB13.GPIO_Label=BUSRQ
PB11.Signal=GPXTI11
PB13.Signal=GPIO_Output
PB15.Signal=GPIO_Input
PC15-OSC32_OUT.GPIO_Label=BUS_D
PinOutPanel.RotationAngle=-90
RCC.SYSCLKSource=RCC_SYSCLKSOURCE_HSI48
ProjectManager.StackSize=0x400
NVIC.I2C1_IRQn=true\:0\:0\:false\:false\:true\:true\:true
Mcu.IP4=SYS
RCC.FCLKCortexFreq_Value=48000000
Mcu.IP5=TIM16
USB_DEVICE.MANUFACTURER_STRING=sens
Mcu.IP2=RCC
Mcu.IP3=SPI1
PA15.GPIO_Label=BUS_CS
PB4.GPIOParameters=GPIO_Label
Mcu.IP0=I2C1
Mcu.IP1=NVIC
PA12.Signal=USB_DP
SH.S_TIM16_CH1.ConfNb=1
Mcu.UserConstants=
Mcu.ThirdPartyNb=0
SPI1.Direction=SPI_DIRECTION_2LINES
RCC.HCLKFreq_Value=48000000
Mcu.IPNb=8
ProjectManager.PreviousToolchain=
PB6.Signal=GPIO_Output
SPI1.CalculateBaudRate=6.0 MBits/s
PA8.GPIOParameters=GPIO_Label
Mcu.Pin6=PA7
Mcu.Pin7=PB1
Mcu.Pin8=PB2
Mcu.Pin9=PB10
RCC.AHBFreq_Value=48000000
PB13.Locked=true
Mcu.Pin0=PC13
Mcu.Pin1=PC14-OSC32_IN
GPIO.groupedBy=Group By Peripherals
Mcu.Pin2=PC15-OSC32_OUT
Mcu.Pin3=PF0-OSC_IN
Mcu.Pin4=PF1-OSC_OUT
Mcu.Pin5=PA6
ProjectManager.ProjectBuild=false
PF0-OSC_IN.GPIO_Label=BUS_PL
PB2.Signal=GPIO_Output
PB3.Mode=TX_Only_Simplex_Unidirect_Master
PA8.Locked=true
NVIC.SysTick_IRQn=true\:0\:0\:false\:false\:true\:false\:true
PB12.GPIO_Label=BUSACK
ProjectManager.FirmwarePackage=STM32Cube FW_F0 V1.11.3
MxDb.Version=DB.6.0.0
ProjectManager.BackupPrevious=false
PF0-OSC_IN.Locked=true
PB1.GPIO_Label=INT
PB5.Mode=TX_Only_Simplex_Unidirect_Master
SPI1.DataSize=SPI_DATASIZE_8BIT
File.Version=6
PA10.GPIO_Label=WR
PB8.Locked=true
PA8.Signal=GPIO_Output
SH.GPXTI11.ConfNb=1
PB6.Locked=true
NVIC.PendSV_IRQn=true\:0\:0\:false\:false\:true\:false\:false
PB6.GPIOParameters=GPIO_Label
ProjectManager.HalAssertFull=false
PC14-OSC32_IN.GPIOParameters=GPIO_Label
ProjectManager.ProjectName=ioctl
RCC.PLLMCOFreq_Value=16000000
Mcu.Package=LQFP48
PB9.Signal=I2C1_SDA
PA6.Signal=S_TIM16_CH1
PB1.Signal=GPIO_Output
PA7.Locked=true
SH.GPXTI11.0=GPIO_EXTI11
ProjectManager.ToolChainLocation=
PB11.GPIO_ModeDefaultEXTI=GPIO_MODE_IT_FALLING
VP_SYS_VS_Systick.Signal=SYS_VS_Systick
PA10.Signal=GPIO_Input
PA15.Signal=GPIO_Output
VP_USB_DEVICE_VS_USB_DEVICE_CDC_FS.Signal=USB_DEVICE_VS_USB_DEVICE_CDC_FS
PB14.GPIOParameters=GPIO_Label
RCC.CECFreq_Value=32786.88524590164
RCC.APB1TimFreq_Value=48000000
PC14-OSC32_IN.GPIO_Label=BUS_AH
PB10.GPIOParameters=GPIO_Label
PC15-OSC32_OUT.GPIOParameters=GPIO_Label
SPI1.BaudRatePrescaler=SPI_BAUDRATEPRESCALER_8
ProjectManager.CustomerFirmwarePackage=
PC14-OSC32_IN.Locked=true
PF1-OSC_OUT.Signal=GPIO_Output
NVIC.EXTI4_15_IRQn=true\:0\:0\:false\:false\:true\:true\:true
PB15.Locked=true
PB3.Locked=true
PB4.Signal=GPIO_Output
PA6.GPIOParameters=GPIO_Label
RCC.I2SFreq_Value=48000000
ProjectManager.ProjectFileName=ioctl.ioc
Mcu.PinsNb=30
PA15.GPIOParameters=GPIO_Label
ProjectManager.NoMain=false
SPI1.IPParameters=VirtualType,Mode,Direction,BaudRatePrescaler,CalculateBaudRate,DataSize
USB_DEVICE.VirtualModeFS=Cdc_FS
PC13.Locked=true
PC13.Signal=GPIO_Input
PA9.GPIO_Label=RD
PB11.GPIO_Label=HLT
ProjectManager.DefaultFWLocation=true
SH.S_TIM16_CH1.0=TIM16_CH1,PWM Generation1 CH1
VP_TIM16_VS_ClockSourceINT.Mode=Enable_Timer
NVIC.TIM16_IRQn=true\:0\:0\:false\:false\:true\:true\:true
PB12.Locked=true
ProjectManager.DeletePrevious=true
PF1-OSC_OUT.Locked=true
PB14.Locked=true
PB10.Locked=true
PC14-OSC32_IN.Signal=GPIO_Input
USB_DEVICE.IPParameters=VirtualMode,VirtualModeFS,CLASS_NAME_FS,MANUFACTURER_STRING,PRODUCT_STRING_CDC_FS
TIM16.Channel=TIM_CHANNEL_1
RCC.FamilyName=M
PA15.Locked=true
PA8.GPIO_Label=WAIT
PC15-OSC32_OUT.Locked=true
ProjectManager.TargetToolchain=Makefile
USB_DEVICE.PRODUCT_STRING_CDC_FS=uz8021 IOCTL
PB10.GPIO_Label=NMI
VP_USB_DEVICE_VS_USB_DEVICE_CDC_FS.Mode=CDC_FS
PB9.Mode=I2C
PB2.GPIOParameters=GPIO_Label
PA9.Signal=GPIO_Input
PB11.GPIOParameters=GPIO_Label,GPIO_ModeDefaultEXTI
PB5.Locked=true
PB9.Locked=true
ProjectManager.RegisterCallBack=
PC15-OSC32_OUT.Signal=GPIO_Input
PF1-OSC_OUT.GPIOParameters=GPIO_Label
PB1.Locked=true
PB10.Signal=GPIO_Output
PB14.Signal=GPIO_Input
board=custom
ProjectManager.LastFirmware=true
RCC.VCOOutput2Freq_Value=8000000
NVIC.SPI1_IRQn=true\:0\:0\:false\:false\:true\:true\:true
MxCube.Version=6.0.1
PB4.GPIO_Label=TFT_CS
PB15.GPIO_Label=IORQ
SPI1.Mode=SPI_MODE_MASTER
PC13.GPIOParameters=GPIO_Label
PF1-OSC_OUT.GPIO_Label=BUS_CP
PA10.GPIOParameters=GPIO_Label
VP_SYS_VS_Systick.Mode=SysTick
PA9.Locked=true
VP_TIM16_VS_ClockSourceINT.Signal=TIM16_VS_ClockSourceINT
NVIC.NonMaskableInt_IRQn=true\:0\:0\:false\:false\:true\:false\:false
PB15.GPIOParameters=GPIO_Label
ProjectManager.FreePins=false
RCC.IPParameters=AHBFreq_Value,APB1Freq_Value,APB1TimFreq_Value,CECFreq_Value,FCLKCortexFreq_Value,FamilyName,HCLKFreq_Value,HSICECFreq_Value,I2SFreq_Value,MCOFreq_Value,PLLCLKFreq_Value,PLLMCOFreq_Value,SYSCLKFreq_VALUE,SYSCLKSource,TimSysFreq_Value,USART1Freq_Value,USART2Freq_Value,VCOOutput2Freq_Value
ProjectManager.AskForMigrate=true
Mcu.Name=STM32F072C(8-B)Tx
Mcu.Pin26=PB9
Mcu.Pin27=VP_SYS_VS_Systick
Mcu.Pin24=PB6
ProjectManager.UnderRoot=false
Mcu.Pin25=PB8
PB2.Locked=true
RCC.HSICECFreq_Value=32786.88524590164
Mcu.Pin28=VP_TIM16_VS_ClockSourceINT
Mcu.IP6=USB
Mcu.Pin29=VP_USB_DEVICE_VS_USB_DEVICE_CDC_FS
Mcu.IP7=USB_DEVICE
ProjectManager.CoupleFile=true
PB4.Locked=true
PB3.Signal=SPI1_SCK
RCC.SYSCLKFreq_VALUE=48000000
PB5.Signal=SPI1_MOSI
Mcu.Pin22=PB4
Mcu.Pin23=PB5
RCC.TimSysFreq_Value=48000000
PA7.GPIO_Label=RST
Mcu.Pin20=PA15
Mcu.Pin21=PB3
PA12.Mode=Device
PA10.Locked=true
NVIC.ForceEnableDMAVector=true
KeepUserPlacement=true
ProjectManager.CompilerOptimize=6
PA11.Signal=USB_DM
PB2.GPIO_Label=LED
ProjectManager.HeapSize=0x200
Mcu.Pin15=PA8
NVIC.HardFault_IRQn=true\:0\:0\:false\:false\:true\:false\:false
Mcu.Pin16=PA9
Mcu.Pin13=PB14
Mcu.Pin14=PB15
Mcu.Pin19=PA12
ProjectManager.ComputerToolchain=false
Mcu.Pin17=PA10
Mcu.Pin18=PA11
Mcu.Pin11=PB12
Mcu.Pin12=PB13
PB8.Mode=I2C
Mcu.Pin10=PB11
PB8.Signal=I2C1_SCL
TIM16.IPParameters=Channel
PF0-OSC_IN.Signal=GPIO_Output
PF0-OSC_IN.GPIOParameters=GPIO_Label
RCC.APB1Freq_Value=48000000
USB_DEVICE.VirtualMode=Cdc
PA7.GPIOParameters=GPIO_Label
PB11.Locked=true
ProjectManager.DeviceId=STM32F072C8Tx
PB12.GPIOParameters=GPIO_Label
PB12.Signal=GPIO_Input
ProjectManager.LibraryCopy=1
PB1.GPIOParameters=GPIO_Label
PA7.Signal=GPIO_Output
